
Microsoft Visual Studio Solution File, Format Version 12.00
# Visual Studio Version 17
VisualStudioVersion = 17.9.34723.18
MinimumVisualStudioVersion = 10.0.40219.1
Project("{FAE04EC0-301F-11D3-BF4B-00C04F79EFBC}") = "new-desafio-1b", "new-desafio-1b\new-desafio-1b.csproj", "{5C5A5B94-82C0-4268-A948-721F409BCB41}"
EndProject
Global
	GlobalSection(SolutionConfigurationPlatforms) = preSolution
		Debug|Any CPU = Debug|Any CPU
		Release|Any CPU = Release|Any CPU
	EndGlobalSection
	GlobalSection(ProjectConfigurationPlatforms) = postSolution
		{5C5A5B94-82C0-4268-A948-721F409BCB41}.Debug|Any CPU.ActiveCfg = Debug|Any CPU
		{5C5A5B94-82C0-4268-A948-721F409BCB41}.Debug|Any CPU.Build.0 = Debug|Any CPU
		{5C5A5B94-82C0-4268-A948-721F409BCB41}.Release|Any CPU.ActiveCfg = Release|Any CPU
		{5C5A5B94-82C0-4268-A948-721F409BCB41}.Release|Any CPU.Build.0 = Release|Any CPU
	EndGlobalSection
	GlobalSection(SolutionProperties) = preSolution
		HideSolutionNode = FALSE
	EndGlobalSection
	GlobalSection(ExtensibilityGlobals) = postSolution
		SolutionGuid = {9CB3E492-028D-43CF-BBBF-56E4A452A969}
	EndGlobalSection
EndGlobal
